{
  "version": 4,
  "terraform_version": "0.14.7",
  "serial": 636,
  "lineage": "4dd9ff12-71ee-4af4-cea1-28c3f856a3b2",
  "outputs": {
    "config_map_aws_auth": {
      "value": "\n\napiVersion: v1\nkind: ConfigMap\nmetadata:\n  name: aws-auth\n  namespace: kube-system\ndata:\n  mapRoles: |\n    - rolearn: arn:aws:iam::887016865623:role/terraform-eks-demo-node\n      username: system:node:{{EC2PrivateDNSName}}\n      groups:\n        - system:bootstrappers\n        - system:nodes\n",
      "type": "string"
    },
    "kubeconfig": {
      "value": "\n\napiVersion: v1\nclusters:\n- cluster:\n    server: https://0C623A3A2CB19C0ACC435FA95BA7A299.gr7.us-west-2.eks.amazonaws.com\n    certificate-authority-data: LS0tLS1CRUdJTiBDRVJUSUZJQ0FURS0tLS0tCk1JSUN5RENDQWJDZ0F3SUJBZ0lCQURBTkJna3Foa2lHOXcwQkFRc0ZBREFWTVJNd0VRWURWUVFERXdwcmRXSmwKY201bGRHVnpNQjRYRFRJeE1EUXlOREl3TlRreE1sb1hEVE14TURReU1qSXdOVGt4TWxvd0ZURVRNQkVHQTFVRQpBeE1LYTNWaVpYSnVaWFJsY3pDQ0FTSXdEUVlKS29aSWh2Y05BUUVCQlFBRGdnRVBBRENDQVFvQ2dnRUJBS2d0Cmt4TUF0bVc3NnVHZEp4YWNhZmFyVE5RV1pqcERZSnZDajlENGpqWWJYTW51YlJrakFjaUhLQVE5QkZuZ2FmZUkKd2VNdGFjWjBGSFdFaUdObkNpak5NbEl0K1ErWjRPWk1VQ0t0WHFhenZLb3pNejNmQkxiV1RkRTRka3JONk5icAp3eVBtMldHcnlNbUJSak5CTFNZMUVYVU1WeFZlWXd2ZkI4N1BvaXpkdFg0RVU1UXA2YVlYZDVnTUMva1lPMVEzCmdibXVUU2swcE9xajVaUEttaE90WWZUTW93Mzd6SjlOQkVMYXBXd3I4VmUxNHgvR2RtS2oreVRLajZjd1V5U1AKZHN0QTJtbkpxWWJZZDZERU1JNTE0T0FPTjZCWVR3c2QzZDB3eEh5bkhFVjJTYkcxYmZ5YUlIU29mNmhjVFpDbwpZQWZzV3FVSHZnZ3hwSG5ZUjhzQ0F3RUFBYU1qTUNFd0RnWURWUjBQQVFIL0JBUURBZ0trTUE4R0ExVWRFd0VCCi93UUZNQU1CQWY4d0RRWUpLb1pJaHZjTkFRRUxCUUFEZ2dFQkFIMG9jS3paaHNzbXhMT2laN2JFY3AzOElpS2gKZUxMRzdwZElUSkViTG1rM3R2Q1gxTktjS3FBQnoyTW91MTlUSWo1SDJwU3I1c0RTMGF6ZjcvTnFzejUzTEozRApuaE9JMGZXNmhPK0txRHdpY2c3RHo3YUdBb3JkYlI0c0ZrellGTjVkUXY4N2pRcFF0RSsyVUVGbVR4aHV5emxMCnBkeHEwLzFiQjZ5d2tjTXF1bGpYSkl5TkUyNVdvSXZlcm1xSkNsTDFPQ3p1WVBzVWN4V0NFbG1kOWJLbTkrYWoKVmo4dHpQNkNlTmg1d3B0aDRzdHNCUGcrRlNYOGtPZmtLNjdlY2Z5V25XZjZvS0NwTTg0d3FHVDEwN1pueHBzSwpoNHEwWkZsRkZNNThpYVNiNFp1c3V2bWhNbFpNNEZxTUxxemVnZkg2c1ljQi9mL3o1TUJUaXhPR3JORT0KLS0tLS1FTkQgQ0VSVElGSUNBVEUtLS0tLQo=\n  name: kubernetes\ncontexts:\n- context:\n    cluster: kubernetes\n    user: aws\n  name: aws\ncurrent-context: aws\nkind: Config\npreferences: {}\nusers:\n- name: aws\n  user:\n    exec:\n      apiVersion: client.authentication.k8s.io/v1alpha1\n      command: aws-iam-authenticator\n      args:\n        - \"token\"\n        - \"-i\"\n        - \"terraform-eks-demo\"\n",
      "type": "string"
    },
    "kubeversion": {
      "value": "1.18",
      "type": "string"
    }
  },
  "resources": [
    {
      "mode": "data",
      "type": "aws_ami",
      "name": "eks-worker",
      "provider": "provider[\"registry.terraform.io/hashicorp/aws\"]",
      "instances": [
        {
          "schema_version": 0,
          "attributes": {
            "architecture": "x86_64",
            "arn": "arn:aws:ec2:us-west-2::image/ami-0be674eea7877cd6d",
            "block_device_mappings": [
              {
                "device_name": "/dev/xvda",
                "ebs": {
                  "delete_on_termination": "true",
                  "encrypted": "false",
                  "iops": "0",
                  "snapshot_id": "snap-0c01eb08859fa4e0e",
                  "throughput": "0",
                  "volume_size": "20",
                  "volume_type": "gp2"
                },
                "no_device": "",
                "virtual_name": ""
              }
            ],
            "creation_date": "2021-04-15T04:16:07.000Z",
            "description": "EKS Kubernetes Worker AMI with AmazonLinux2 image, (k8s: 1.18.9, docker: 19.03.13ce-1.amzn2, containerd: 1.4.1-2.amzn2)",
            "ena_support": true,
            "executable_users": null,
            "filter": [
              {
                "name": "name",
                "values": [
                  "amazon-eks-node-1.18-v*"
                ]
              }
            ],
            "hypervisor": "xen",
            "id": "ami-0be674eea7877cd6d",
            "image_id": "ami-0be674eea7877cd6d",
            "image_location": "amazon/amazon-eks-node-1.18-v20210414",
            "image_owner_alias": "amazon",
            "image_type": "machine",
            "kernel_id": null,
            "most_recent": true,
            "name": "amazon-eks-node-1.18-v20210414",
            "name_regex": null,
            "owner_id": "602401143452",
            "owners": [
              "602401143452"
            ],
            "platform": null,
            "platform_details": "Linux/UNIX",
            "product_codes": [],
            "public": true,
            "ramdisk_id": null,
            "root_device_name": "/dev/xvda",
            "root_device_type": "ebs",
            "root_snapshot_id": "snap-0c01eb08859fa4e0e",
            "sriov_net_support": "simple",
            "state": "available",
            "state_reason": {
              "code": "UNSET",
              "message": "UNSET"
            },
            "tags": {},
            "usage_operation": "RunInstances",
            "virtualization_type": "hvm"
          },
          "sensitive_attributes": []
        }
      ]
    },
    {
      "mode": "data",
      "type": "aws_availability_zones",
      "name": "available",
      "provider": "provider[\"registry.terraform.io/hashicorp/aws\"]",
      "instances": [
        {
          "schema_version": 0,
          "attributes": {
            "all_availability_zones": null,
            "exclude_names": null,
            "exclude_zone_ids": null,
            "filter": null,
            "group_names": [
              "us-west-2"
            ],
            "id": "us-west-2",
            "names": [
              "us-west-2a",
              "us-west-2b",
              "us-west-2c",
              "us-west-2d"
            ],
            "state": null,
            "zone_ids": [
              "usw2-az2",
              "usw2-az1",
              "usw2-az3",
              "usw2-az4"
            ]
          },
          "sensitive_attributes": []
        }
      ]
    },
    {
      "mode": "data",
      "type": "aws_region",
      "name": "current",
      "provider": "provider[\"registry.terraform.io/hashicorp/aws\"]",
      "instances": [
        {
          "schema_version": 0,
          "attributes": {
            "description": "US West (Oregon)",
            "endpoint": "ec2.us-west-2.amazonaws.com",
            "id": "us-west-2",
            "name": "us-west-2"
          },
          "sensitive_attributes": []
        }
      ]
    },
    {
      "mode": "managed",
      "type": "aws_autoscaling_group",
      "name": "demo",
      "provider": "provider[\"registry.terraform.io/hashicorp/aws\"]",
      "instances": [
        {
          "schema_version": 0,
          "attributes": {
            "arn": "arn:aws:autoscaling:us-west-2:887016865623:autoScalingGroup:1a181349-43a0-43ba-9ed2-a284cef2e203:autoScalingGroupName/terraform-eks-demo",
            "availability_zones": [
              "us-west-2a",
              "us-west-2b"
            ],
            "capacity_rebalance": false,
            "default_cooldown": 300,
            "desired_capacity": 2,
            "enabled_metrics": null,
            "force_delete": false,
            "health_check_grace_period": 300,
            "health_check_type": "EC2",
            "id": "terraform-eks-demo",
            "initial_lifecycle_hook": [],
            "instance_refresh": [],
            "launch_configuration": "terraform-eks-demo20210424210529717500000006",
            "launch_template": [],
            "load_balancers": null,
            "max_instance_lifetime": 0,
            "max_size": 2,
            "metrics_granularity": "1Minute",
            "min_elb_capacity": null,
            "min_size": 1,
            "mixed_instances_policy": [],
            "name": "terraform-eks-demo",
            "name_prefix": null,
            "placement_group": "",
            "protect_from_scale_in": false,
            "service_linked_role_arn": "arn:aws:iam::887016865623:role/aws-service-role/autoscaling.amazonaws.com/AWSServiceRoleForAutoScaling",
            "suspended_processes": null,
            "tag": [
              {
                "key": "Name",
                "propagate_at_launch": true,
                "value": "terraform-eks-demo"
              },
              {
                "key": "kubernetes.io/cluster/terraform-eks-demo",
                "propagate_at_launch": true,
                "value": "owned"
              }
            ],
            "tags": null,
            "target_group_arns": null,
            "termination_policies": null,
            "timeouts": null,
            "vpc_zone_identifier": [
              "subnet-0a12f1da83d35d78f",
              "subnet-0d37e33b275d1abf5"
            ],
            "wait_for_capacity_timeout": "10m",
            "wait_for_elb_capacity": null
          },
          "sensitive_attributes": [],
          "private": "eyJlMmJmYjczMC1lY2FhLTExZTYtOGY4OC0zNDM2M2JjN2M0YzAiOnsiZGVsZXRlIjo2MDAwMDAwMDAwMDB9fQ==",
          "dependencies": [
            "aws_eks_cluster.demo",
            "aws_iam_instance_profile.demo-node",
            "aws_iam_role.demo-cluster",
            "aws_iam_role.demo-node",
            "aws_iam_role_policy_attachment.demo-cluster-AmazonEKSClusterPolicy",
            "aws_iam_role_policy_attachment.demo-cluster-AmazonEKSServicePolicy",
            "aws_launch_configuration.demo",
            "aws_security_group.demo-cluster",
            "aws_security_group.demo-node",
            "aws_subnet.demo",
            "aws_vpc.demo",
            "data.aws_ami.eks-worker",
            "data.aws_availability_zones.available"
          ]
        }
      ]
    },
    {
      "mode": "managed",
      "type": "aws_eks_cluster",
      "name": "demo",
      "provider": "provider[\"registry.terraform.io/hashicorp/aws\"]",
      "instances": [
        {
          "schema_version": 0,
          "attributes": {
            "arn": "arn:aws:eks:us-west-2:887016865623:cluster/terraform-eks-demo",
            "certificate_authority": [
              {
                "data": "LS0tLS1CRUdJTiBDRVJUSUZJQ0FURS0tLS0tCk1JSUN5RENDQWJDZ0F3SUJBZ0lCQURBTkJna3Foa2lHOXcwQkFRc0ZBREFWTVJNd0VRWURWUVFERXdwcmRXSmwKY201bGRHVnpNQjRYRFRJeE1EUXlOREl3TlRreE1sb1hEVE14TURReU1qSXdOVGt4TWxvd0ZURVRNQkVHQTFVRQpBeE1LYTNWaVpYSnVaWFJsY3pDQ0FTSXdEUVlKS29aSWh2Y05BUUVCQlFBRGdnRVBBRENDQVFvQ2dnRUJBS2d0Cmt4TUF0bVc3NnVHZEp4YWNhZmFyVE5RV1pqcERZSnZDajlENGpqWWJYTW51YlJrakFjaUhLQVE5QkZuZ2FmZUkKd2VNdGFjWjBGSFdFaUdObkNpak5NbEl0K1ErWjRPWk1VQ0t0WHFhenZLb3pNejNmQkxiV1RkRTRka3JONk5icAp3eVBtMldHcnlNbUJSak5CTFNZMUVYVU1WeFZlWXd2ZkI4N1BvaXpkdFg0RVU1UXA2YVlYZDVnTUMva1lPMVEzCmdibXVUU2swcE9xajVaUEttaE90WWZUTW93Mzd6SjlOQkVMYXBXd3I4VmUxNHgvR2RtS2oreVRLajZjd1V5U1AKZHN0QTJtbkpxWWJZZDZERU1JNTE0T0FPTjZCWVR3c2QzZDB3eEh5bkhFVjJTYkcxYmZ5YUlIU29mNmhjVFpDbwpZQWZzV3FVSHZnZ3hwSG5ZUjhzQ0F3RUFBYU1qTUNFd0RnWURWUjBQQVFIL0JBUURBZ0trTUE4R0ExVWRFd0VCCi93UUZNQU1CQWY4d0RRWUpLb1pJaHZjTkFRRUxCUUFEZ2dFQkFIMG9jS3paaHNzbXhMT2laN2JFY3AzOElpS2gKZUxMRzdwZElUSkViTG1rM3R2Q1gxTktjS3FBQnoyTW91MTlUSWo1SDJwU3I1c0RTMGF6ZjcvTnFzejUzTEozRApuaE9JMGZXNmhPK0txRHdpY2c3RHo3YUdBb3JkYlI0c0ZrellGTjVkUXY4N2pRcFF0RSsyVUVGbVR4aHV5emxMCnBkeHEwLzFiQjZ5d2tjTXF1bGpYSkl5TkUyNVdvSXZlcm1xSkNsTDFPQ3p1WVBzVWN4V0NFbG1kOWJLbTkrYWoKVmo4dHpQNkNlTmg1d3B0aDRzdHNCUGcrRlNYOGtPZmtLNjdlY2Z5V25XZjZvS0NwTTg0d3FHVDEwN1pueHBzSwpoNHEwWkZsRkZNNThpYVNiNFp1c3V2bWhNbFpNNEZxTUxxemVnZkg2c1ljQi9mL3o1TUJUaXhPR3JORT0KLS0tLS1FTkQgQ0VSVElGSUNBVEUtLS0tLQo="
              }
            ],
            "created_at": "2021-04-24 20:52:38.888 +0000 UTC",
            "enabled_cluster_log_types": null,
            "encryption_config": [],
            "endpoint": "https://0C623A3A2CB19C0ACC435FA95BA7A299.gr7.us-west-2.eks.amazonaws.com",
            "id": "terraform-eks-demo",
            "identity": [
              {
                "oidc": [
                  {
                    "issuer": "https://oidc.eks.us-west-2.amazonaws.com/id/0C623A3A2CB19C0ACC435FA95BA7A299"
                  }
                ]
              }
            ],
            "kubernetes_network_config": [
              {
                "service_ipv4_cidr": "172.20.0.0/16"
              }
            ],
            "name": "terraform-eks-demo",
            "platform_version": "eks.5",
            "role_arn": "arn:aws:iam::887016865623:role/terraform-eks-demo-cluster",
            "status": "ACTIVE",
            "tags": null,
            "timeouts": null,
            "version": "1.18",
            "vpc_config": [
              {
                "cluster_security_group_id": "sg-0183f3c390d5e933a",
                "endpoint_private_access": false,
                "endpoint_public_access": true,
                "public_access_cidrs": [
                  "0.0.0.0/0"
                ],
                "security_group_ids": [
                  "sg-0d93d04f8613a03d3"
                ],
                "subnet_ids": [
                  "subnet-0a12f1da83d35d78f",
                  "subnet-0d37e33b275d1abf5"
                ],
                "vpc_id": "vpc-0b3e0337fd950a2ea"
              }
            ]
          },
          "sensitive_attributes": [],
          "private": "eyJlMmJmYjczMC1lY2FhLTExZTYtOGY4OC0zNDM2M2JjN2M0YzAiOnsiY3JlYXRlIjoxODAwMDAwMDAwMDAwLCJkZWxldGUiOjkwMDAwMDAwMDAwMCwidXBkYXRlIjozNjAwMDAwMDAwMDAwfX0=",
          "dependencies": [
            "aws_iam_role.demo-cluster",
            "aws_iam_role_policy_attachment.demo-cluster-AmazonEKSClusterPolicy",
            "aws_iam_role_policy_attachment.demo-cluster-AmazonEKSServicePolicy",
            "aws_security_group.demo-cluster",
            "aws_subnet.demo",
            "aws_vpc.demo",
            "data.aws_availability_zones.available"
          ],
          "create_before_destroy": true
        }
      ]
    },
    {
      "mode": "managed",
      "type": "aws_iam_instance_profile",
      "name": "demo-node",
      "provider": "provider[\"registry.terraform.io/hashicorp/aws\"]",
      "instances": [
        {
          "schema_version": 0,
          "attributes": {
            "arn": "arn:aws:iam::887016865623:instance-profile/terraform-eks-demo",
            "create_date": "2021-04-24T20:52:34Z",
            "id": "terraform-eks-demo",
            "name": "terraform-eks-demo",
            "name_prefix": null,
            "path": "/",
            "role": "terraform-eks-demo-node",
            "tags": null,
            "unique_id": "AIPA45BSTH5LU44XLHCM2"
          },
          "sensitive_attributes": [],
          "private": "bnVsbA==",
          "dependencies": [
            "aws_iam_role.demo-node"
          ],
          "create_before_destroy": true
        }
      ]
    },
    {
      "mode": "managed",
      "type": "aws_iam_role",
      "name": "demo-cluster",
      "provider": "provider[\"registry.terraform.io/hashicorp/aws\"]",
      "instances": [
        {
          "schema_version": 0,
          "attributes": {
            "arn": "arn:aws:iam::887016865623:role/terraform-eks-demo-cluster",
            "assume_role_policy": "{\"Version\":\"2012-10-17\",\"Statement\":[{\"Effect\":\"Allow\",\"Principal\":{\"Service\":\"eks.amazonaws.com\"},\"Action\":\"sts:AssumeRole\"}]}",
            "create_date": "2021-04-24T20:52:34Z",
            "description": "",
            "force_detach_policies": false,
            "id": "terraform-eks-demo-cluster",
            "inline_policy": [
              {
                "name": "",
                "policy": ""
              }
            ],
            "managed_policy_arns": [],
            "max_session_duration": 3600,
            "name": "terraform-eks-demo-cluster",
            "name_prefix": null,
            "path": "/",
            "permissions_boundary": null,
            "tags": null,
            "unique_id": "AROA45BSTH5LYBVRGP5PC"
          },
          "sensitive_attributes": [],
          "private": "bnVsbA==",
          "create_before_destroy": true
        }
      ]
    },
    {
      "mode": "managed",
      "type": "aws_iam_role",
      "name": "demo-node",
      "provider": "provider[\"registry.terraform.io/hashicorp/aws\"]",
      "instances": [
        {
          "schema_version": 0,
          "attributes": {
            "arn": "arn:aws:iam::887016865623:role/terraform-eks-demo-node",
            "assume_role_policy": "{\"Version\":\"2012-10-17\",\"Statement\":[{\"Effect\":\"Allow\",\"Principal\":{\"Service\":\"ec2.amazonaws.com\"},\"Action\":\"sts:AssumeRole\"}]}",
            "create_date": "2021-04-24T20:52:34Z",
            "description": "",
            "force_detach_policies": false,
            "id": "terraform-eks-demo-node",
            "inline_policy": [
              {
                "name": "",
                "policy": ""
              }
            ],
            "managed_policy_arns": [],
            "max_session_duration": 3600,
            "name": "terraform-eks-demo-node",
            "name_prefix": null,
            "path": "/",
            "permissions_boundary": null,
            "tags": null,
            "unique_id": "AROA45BSTH5LU3BONTBIX"
          },
          "sensitive_attributes": [],
          "private": "bnVsbA==",
          "create_before_destroy": true
        }
      ]
    },
    {
      "mode": "managed",
      "type": "aws_iam_role_policy_attachment",
      "name": "demo-cluster-AmazonEKSClusterPolicy",
      "provider": "provider[\"registry.terraform.io/hashicorp/aws\"]",
      "instances": [
        {
          "schema_version": 0,
          "attributes": {
            "id": "terraform-eks-demo-cluster-20210424205234863900000003",
            "policy_arn": "arn:aws:iam::aws:policy/AmazonEKSClusterPolicy",
            "role": "terraform-eks-demo-cluster"
          },
          "sensitive_attributes": [],
          "private": "bnVsbA==",
          "dependencies": [
            "aws_iam_role.demo-cluster"
          ],
          "create_before_destroy": true
        }
      ]
    },
    {
      "mode": "managed",
      "type": "aws_iam_role_policy_attachment",
      "name": "demo-cluster-AmazonEKSServicePolicy",
      "provider": "provider[\"registry.terraform.io/hashicorp/aws\"]",
      "instances": [
        {
          "schema_version": 0,
          "attributes": {
            "id": "terraform-eks-demo-cluster-20210424205234861000000001",
            "policy_arn": "arn:aws:iam::aws:policy/AmazonEKSServicePolicy",
            "role": "terraform-eks-demo-cluster"
          },
          "sensitive_attributes": [],
          "private": "bnVsbA==",
          "dependencies": [
            "aws_iam_role.demo-cluster"
          ],
          "create_before_destroy": true
        }
      ]
    },
    {
      "mode": "managed",
      "type": "aws_iam_role_policy_attachment",
      "name": "demo-node-AmazonEC2ContainerRegistryReadOnly",
      "provider": "provider[\"registry.terraform.io/hashicorp/aws\"]",
      "instances": [
        {
          "schema_version": 0,
          "attributes": {
            "id": "terraform-eks-demo-node-20210424205235383900000005",
            "policy_arn": "arn:aws:iam::aws:policy/AmazonEC2ContainerRegistryReadOnly",
            "role": "terraform-eks-demo-node"
          },
          "sensitive_attributes": [],
          "private": "bnVsbA==",
          "dependencies": [
            "aws_iam_role.demo-node"
          ]
        }
      ]
    },
    {
      "mode": "managed",
      "type": "aws_iam_role_policy_attachment",
      "name": "demo-node-AmazonEKSWorkerNodePolicy",
      "provider": "provider[\"registry.terraform.io/hashicorp/aws\"]",
      "instances": [
        {
          "schema_version": 0,
          "attributes": {
            "id": "terraform-eks-demo-node-20210424205234863900000002",
            "policy_arn": "arn:aws:iam::aws:policy/AmazonEKSWorkerNodePolicy",
            "role": "terraform-eks-demo-node"
          },
          "sensitive_attributes": [],
          "private": "bnVsbA==",
          "dependencies": [
            "aws_iam_role.demo-node"
          ]
        }
      ]
    },
    {
      "mode": "managed",
      "type": "aws_iam_role_policy_attachment",
      "name": "demo-node-AmazonEKS_CNI_Policy",
      "provider": "provider[\"registry.terraform.io/hashicorp/aws\"]",
      "instances": [
        {
          "schema_version": 0,
          "attributes": {
            "id": "terraform-eks-demo-node-20210424205234869000000004",
            "policy_arn": "arn:aws:iam::aws:policy/AmazonEKS_CNI_Policy",
            "role": "terraform-eks-demo-node"
          },
          "sensitive_attributes": [],
          "private": "bnVsbA==",
          "dependencies": [
            "aws_iam_role.demo-node"
          ]
        }
      ]
    },
    {
      "mode": "managed",
      "type": "aws_internet_gateway",
      "name": "demo",
      "provider": "provider[\"registry.terraform.io/hashicorp/aws\"]",
      "instances": [
        {
          "schema_version": 0,
          "attributes": {
            "arn": "arn:aws:ec2:us-west-2:887016865623:internet-gateway/igw-0e9500594762b4390",
            "id": "igw-0e9500594762b4390",
            "owner_id": "887016865623",
            "tags": {
              "Name": "terraform-eks-demo"
            },
            "vpc_id": "vpc-0b3e0337fd950a2ea"
          },
          "sensitive_attributes": [],
          "dependencies": [
            "aws_vpc.demo"
          ]
        }
      ]
    },
    {
      "mode": "managed",
      "type": "aws_launch_configuration",
      "name": "demo",
      "provider": "provider[\"registry.terraform.io/hashicorp/aws\"]",
      "instances": [
        {
          "schema_version": 0,
          "attributes": {
            "arn": "arn:aws:autoscaling:us-west-2:887016865623:launchConfiguration:72ee0fd3-2d0d-458f-ae9b-38e870adf133:launchConfigurationName/terraform-eks-demo20210424210529717500000006",
            "associate_public_ip_address": true,
            "ebs_block_device": [],
            "ebs_optimized": false,
            "enable_monitoring": true,
            "ephemeral_block_device": [],
            "iam_instance_profile": "terraform-eks-demo",
            "id": "terraform-eks-demo20210424210529717500000006",
            "image_id": "ami-0be674eea7877cd6d",
            "instance_type": "m4.large",
            "key_name": "",
            "metadata_options": [],
            "name": "terraform-eks-demo20210424210529717500000006",
            "name_prefix": "terraform-eks-demo",
            "placement_tenancy": null,
            "root_block_device": [],
            "security_groups": [
              "sg-00b026db7d27f849b"
            ],
            "spot_price": "",
            "user_data": null,
            "user_data_base64": "IyEvYmluL2Jhc2gNCnNldCAtbyB4dHJhY2UNCi9ldGMvZWtzL2Jvb3RzdHJhcC5zaCAtLWFwaXNlcnZlci1lbmRwb2ludCAnaHR0cHM6Ly8wQzYyM0EzQTJDQjE5QzBBQ0M0MzVGQTk1QkE3QTI5OS5ncjcudXMtd2VzdC0yLmVrcy5hbWF6b25hd3MuY29tJyAtLWI2NC1jbHVzdGVyLWNhICdMUzB0TFMxQ1JVZEpUaUJEUlZKVVNVWkpRMEZVUlMwdExTMHRDazFKU1VONVJFTkRRV0pEWjBGM1NVSkJaMGxDUVVSQlRrSm5hM0ZvYTJsSE9YY3dRa0ZSYzBaQlJFRldUVkpOZDBWUldVUldVVkZFUlhkd2NtUlhTbXdLWTIwMWJHUkhWbnBOUWpSWVJGUkplRTFFVVhsT1JFbDNUbFJyZUUxc2IxaEVWRTE0VFVSUmVVMXFTWGRPVkd0NFRXeHZkMFpVUlZSTlFrVkhRVEZWUlFwQmVFMUxZVE5XYVZwWVNuVmFXRkpzWTNwRFEwRlRTWGRFVVZsS1MyOWFTV2gyWTA1QlVVVkNRbEZCUkdkblJWQkJSRU5EUVZGdlEyZG5SVUpCUzJkMENtdDRUVUYwYlZjM05uVkhaRXA0WVdOaFptRnlWRTVSVjFwcWNFUlpTblpEYWpsRU5HcHFXV0pZVFc1MVlsSnJha0ZqYVVoTFFWRTVRa1p1WjJGbVpVa0tkMlZOZEdGaldqQkdTRmRGYVVkT2JrTnBhazVOYkVsMEsxRXJXalJQV2sxVlEwdDBXSEZoZW5aTGIzcE5lak5tUWt4aVYxUmtSVFJrYTNKT05rNWljQXAzZVZCdE1sZEhjbmxOYlVKU2FrNUNURk5aTVVWWVZVMVdlRlpsV1hkMlprSTROMUJ2YVhwa2RGZzBSVlUxVVhBMllWbFlaRFZuVFVNdmExbFBNVkV6Q21kaWJYVlVVMnN3Y0U5eGFqVmFVRXR0YUU5MFdXWlVUVzkzTXpkNlNqbE9Ra1ZNWVhCWGQzSTRWbVV4TkhndlIyUnRTMm9yZVZSTGFqWmpkMVY1VTFBS1pITjBRVEp0YmtweFdXSlpaRFpFUlUxSk5URTBUMEZQVGpaQ1dWUjNjMlF6WkRCM2VFaDVia2hGVmpKVFlrY3hZbVo1WVVsSVUyOW1ObWhqVkZwRGJ3cFpRV1p6VjNGVlNIWm5aM2h3U0c1WlVqaHpRMEYzUlVGQllVMXFUVU5GZDBSbldVUldVakJRUVZGSUwwSkJVVVJCWjB0clRVRTRSMEV4VldSRmQwVkNDaTkzVVVaTlFVMUNRV1k0ZDBSUldVcExiMXBKYUhaalRrRlJSVXhDVVVGRVoyZEZRa0ZJTUc5alMzcGFhSE56YlhoTVQybGFOMkpGWTNBek9FbHBTMmdLWlV4TVJ6ZHdaRWxVU2tWaVRHMXJNM1IyUTFneFRrdGpTM0ZCUW5veVRXOTFNVGxVU1dvMVNESndVM0kxYzBSVE1HRjZaamN2VG5GemVqVXpURW96UkFwdWFFOUpNR1pYTm1oUEswdHhSSGRwWTJjM1JIbzNZVWRCYjNKa1lsSTBjMFpyZWxsR1RqVmtVWFk0TjJwUmNGRjBSU3N5VlVWR2JWUjRhSFY1ZW14TUNuQmtlSEV3THpGaVFqWjVkMnRqVFhGMWJHcFlTa2w1VGtVeU5WZHZTWFpsY20xeFNrTnNUREZQUTNwMVdWQnpWV040VjBORmJHMWtPV0pMYlRrcllXb0tWbW80ZEhwUU5rTmxUbWcxZDNCMGFEUnpkSE5DVUdjclJsTllPR3RQWm10TE5qZGxZMlo1VjI1WFpqWnZTME53VFRnMGQzRkhWREV3TjFwdWVIQnpTd3BvTkhFd1drWnNSa1pOTlRocFlWTmlORnAxYzNWMmJXaE5iRnBOTkVaeFRVeHhlbVZuWmtnMmMxbGpRaTltTDNvMVRVSlVhWGhQUjNKT1JUMEtMUzB0TFMxRlRrUWdRMFZTVkVsR1NVTkJWRVV0TFMwdExRbz0nICd0ZXJyYWZvcm0tZWtzLWRlbW8nDQo=",
            "vpc_classic_link_id": "",
            "vpc_classic_link_security_groups": null
          },
          "sensitive_attributes": [],
          "private": "bnVsbA==",
          "dependencies": [
            "aws_eks_cluster.demo",
            "aws_iam_instance_profile.demo-node",
            "aws_iam_role.demo-cluster",
            "aws_iam_role.demo-node",
            "aws_iam_role_policy_attachment.demo-cluster-AmazonEKSClusterPolicy",
            "aws_iam_role_policy_attachment.demo-cluster-AmazonEKSServicePolicy",
            "aws_security_group.demo-cluster",
            "aws_security_group.demo-node",
            "aws_subnet.demo",
            "aws_vpc.demo",
            "data.aws_ami.eks-worker",
            "data.aws_availability_zones.available"
          ],
          "create_before_destroy": true
        }
      ]
    },
    {
      "mode": "managed",
      "type": "aws_route_table",
      "name": "demo",
      "provider": "provider[\"registry.terraform.io/hashicorp/aws\"]",
      "instances": [
        {
          "schema_version": 0,
          "attributes": {
            "arn": "arn:aws:ec2:us-west-2:887016865623:route-table/rtb-03fc8438dad65bb05",
            "id": "rtb-03fc8438dad65bb05",
            "owner_id": "887016865623",
            "propagating_vgws": [],
            "route": [
              {
                "carrier_gateway_id": "",
                "cidr_block": "0.0.0.0/0",
                "destination_prefix_list_id": "",
                "egress_only_gateway_id": "",
                "gateway_id": "igw-0e9500594762b4390",
                "instance_id": "",
                "ipv6_cidr_block": "",
                "local_gateway_id": "",
                "nat_gateway_id": "",
                "network_interface_id": "",
                "transit_gateway_id": "",
                "vpc_endpoint_id": "",
                "vpc_peering_connection_id": ""
              }
            ],
            "tags": null,
            "vpc_id": "vpc-0b3e0337fd950a2ea"
          },
          "sensitive_attributes": [],
          "private": "bnVsbA==",
          "dependencies": [
            "aws_internet_gateway.demo",
            "aws_vpc.demo"
          ]
        }
      ]
    },
    {
      "mode": "managed",
      "type": "aws_route_table_association",
      "name": "demo",
      "provider": "provider[\"registry.terraform.io/hashicorp/aws\"]",
      "instances": [
        {
          "index_key": 0,
          "schema_version": 0,
          "attributes": {
            "gateway_id": null,
            "id": "rtbassoc-04860ebb3c22f8ae7",
            "route_table_id": "rtb-03fc8438dad65bb05",
            "subnet_id": "subnet-0d37e33b275d1abf5"
          },
          "sensitive_attributes": [],
          "private": "bnVsbA==",
          "dependencies": [
            "aws_internet_gateway.demo",
            "aws_route_table.demo",
            "aws_subnet.demo",
            "aws_vpc.demo",
            "data.aws_availability_zones.available"
          ]
        },
        {
          "index_key": 1,
          "schema_version": 0,
          "attributes": {
            "gateway_id": null,
            "id": "rtbassoc-072b19614166e1952",
            "route_table_id": "rtb-03fc8438dad65bb05",
            "subnet_id": "subnet-0a12f1da83d35d78f"
          },
          "sensitive_attributes": [],
          "private": "bnVsbA==",
          "dependencies": [
            "aws_internet_gateway.demo",
            "aws_route_table.demo",
            "aws_subnet.demo",
            "aws_vpc.demo",
            "data.aws_availability_zones.available"
          ]
        }
      ]
    },
    {
      "mode": "managed",
      "type": "aws_security_group",
      "name": "demo-cluster",
      "provider": "provider[\"registry.terraform.io/hashicorp/aws\"]",
      "instances": [
        {
          "schema_version": 1,
          "attributes": {
            "arn": "arn:aws:ec2:us-west-2:887016865623:security-group/sg-0d93d04f8613a03d3",
            "description": "Cluster communication with worker nodes",
            "egress": [
              {
                "cidr_blocks": [
                  "0.0.0.0/0"
                ],
                "description": "",
                "from_port": 0,
                "ipv6_cidr_blocks": [],
                "prefix_list_ids": [],
                "protocol": "-1",
                "security_groups": [],
                "self": false,
                "to_port": 0
              }
            ],
            "id": "sg-0d93d04f8613a03d3",
            "ingress": [],
            "name": "terraform-eks-demo-cluster",
            "name_prefix": "",
            "owner_id": "887016865623",
            "revoke_rules_on_delete": false,
            "tags": {
              "Name": "terraform-eks-demo"
            },
            "timeouts": null,
            "vpc_id": "vpc-0b3e0337fd950a2ea"
          },
          "sensitive_attributes": [],
          "private": "eyJlMmJmYjczMC1lY2FhLTExZTYtOGY4OC0zNDM2M2JjN2M0YzAiOnsiY3JlYXRlIjo2MDAwMDAwMDAwMDAsImRlbGV0ZSI6OTAwMDAwMDAwMDAwfSwic2NoZW1hX3ZlcnNpb24iOiIxIn0=",
          "dependencies": [
            "aws_vpc.demo"
          ],
          "create_before_destroy": true
        }
      ]
    },
    {
      "mode": "managed",
      "type": "aws_security_group",
      "name": "demo-node",
      "provider": "provider[\"registry.terraform.io/hashicorp/aws\"]",
      "instances": [
        {
          "schema_version": 1,
          "attributes": {
            "arn": "arn:aws:ec2:us-west-2:887016865623:security-group/sg-00b026db7d27f849b",
            "description": "Security group for all nodes in the cluster",
            "egress": [
              {
                "cidr_blocks": [
                  "0.0.0.0/0"
                ],
                "description": "",
                "from_port": 0,
                "ipv6_cidr_blocks": [],
                "prefix_list_ids": [],
                "protocol": "-1",
                "security_groups": [],
                "self": false,
                "to_port": 0
              }
            ],
            "id": "sg-00b026db7d27f849b",
            "ingress": [],
            "name": "terraform-eks-demo-node",
            "name_prefix": "",
            "owner_id": "887016865623",
            "revoke_rules_on_delete": false,
            "tags": {
              "Name": "terraform-eks-demo-node",
              "kubernetes.io/cluster/terraform-eks-demo": "owned"
            },
            "timeouts": null,
            "vpc_id": "vpc-0b3e0337fd950a2ea"
          },
          "sensitive_attributes": [],
          "private": "eyJlMmJmYjczMC1lY2FhLTExZTYtOGY4OC0zNDM2M2JjN2M0YzAiOnsiY3JlYXRlIjo2MDAwMDAwMDAwMDAsImRlbGV0ZSI6OTAwMDAwMDAwMDAwfSwic2NoZW1hX3ZlcnNpb24iOiIxIn0=",
          "dependencies": [
            "aws_vpc.demo"
          ],
          "create_before_destroy": true
        }
      ]
    },
    {
      "mode": "managed",
      "type": "aws_security_group_rule",
      "name": "demo-cluster-ingress-node-https",
      "provider": "provider[\"registry.terraform.io/hashicorp/aws\"]",
      "instances": [
        {
          "schema_version": 2,
          "attributes": {
            "cidr_blocks": null,
            "description": "Allow pods to communicate with the cluster API Server",
            "from_port": 443,
            "id": "sgrule-2063972065",
            "ipv6_cidr_blocks": null,
            "prefix_list_ids": null,
            "protocol": "tcp",
            "security_group_id": "sg-0d93d04f8613a03d3",
            "self": false,
            "source_security_group_id": "sg-00b026db7d27f849b",
            "to_port": 443,
            "type": "ingress"
          },
          "sensitive_attributes": [],
          "private": "eyJzY2hlbWFfdmVyc2lvbiI6IjIifQ==",
          "dependencies": [
            "aws_security_group.demo-cluster",
            "aws_security_group.demo-node",
            "aws_vpc.demo"
          ]
        }
      ]
    },
    {
      "mode": "managed",
      "type": "aws_security_group_rule",
      "name": "demo-cluster-ingress-workstation-https",
      "provider": "provider[\"registry.terraform.io/hashicorp/aws\"]",
      "instances": [
        {
          "schema_version": 2,
          "attributes": {
            "cidr_blocks": [
              "0.0.0.0/0"
            ],
            "description": "Allow workstation to communicate with the cluster API Server",
            "from_port": 443,
            "id": "sgrule-544632912",
            "ipv6_cidr_blocks": null,
            "prefix_list_ids": null,
            "protocol": "tcp",
            "security_group_id": "sg-0d93d04f8613a03d3",
            "self": false,
            "source_security_group_id": null,
            "to_port": 443,
            "type": "ingress"
          },
          "sensitive_attributes": [],
          "private": "eyJzY2hlbWFfdmVyc2lvbiI6IjIifQ==",
          "dependencies": [
            "aws_security_group.demo-cluster",
            "aws_vpc.demo"
          ]
        }
      ]
    },
    {
      "mode": "managed",
      "type": "aws_security_group_rule",
      "name": "demo-node-ingress-cluster",
      "provider": "provider[\"registry.terraform.io/hashicorp/aws\"]",
      "instances": [
        {
          "schema_version": 2,
          "attributes": {
            "cidr_blocks": null,
            "description": "Allow worker Kubelets and pods to receive communication from the cluster control plane",
            "from_port": 1025,
            "id": "sgrule-4098219642",
            "ipv6_cidr_blocks": null,
            "prefix_list_ids": null,
            "protocol": "tcp",
            "security_group_id": "sg-00b026db7d27f849b",
            "self": false,
            "source_security_group_id": "sg-0d93d04f8613a03d3",
            "to_port": 65535,
            "type": "ingress"
          },
          "sensitive_attributes": [],
          "private": "eyJzY2hlbWFfdmVyc2lvbiI6IjIifQ==",
          "dependencies": [
            "aws_security_group.demo-cluster",
            "aws_security_group.demo-node",
            "aws_vpc.demo"
          ]
        }
      ]
    },
    {
      "mode": "managed",
      "type": "aws_security_group_rule",
      "name": "demo-node-ingress-self",
      "provider": "provider[\"registry.terraform.io/hashicorp/aws\"]",
      "instances": [
        {
          "schema_version": 2,
          "attributes": {
            "cidr_blocks": null,
            "description": "Allow node to communicate with each other",
            "from_port": 0,
            "id": "sgrule-2988243158",
            "ipv6_cidr_blocks": null,
            "prefix_list_ids": null,
            "protocol": "-1",
            "security_group_id": "sg-00b026db7d27f849b",
            "self": false,
            "source_security_group_id": "sg-00b026db7d27f849b",
            "to_port": 65535,
            "type": "ingress"
          },
          "sensitive_attributes": [],
          "private": "eyJzY2hlbWFfdmVyc2lvbiI6IjIifQ==",
          "dependencies": [
            "aws_security_group.demo-node",
            "aws_vpc.demo"
          ]
        }
      ]
    },
    {
      "mode": "managed",
      "type": "aws_subnet",
      "name": "demo",
      "provider": "provider[\"registry.terraform.io/hashicorp/aws\"]",
      "instances": [
        {
          "index_key": 0,
          "schema_version": 1,
          "attributes": {
            "arn": "arn:aws:ec2:us-west-2:887016865623:subnet/subnet-0d37e33b275d1abf5",
            "assign_ipv6_address_on_creation": false,
            "availability_zone": "us-west-2a",
            "availability_zone_id": "usw2-az2",
            "cidr_block": "10.0.0.0/24",
            "customer_owned_ipv4_pool": "",
            "id": "subnet-0d37e33b275d1abf5",
            "ipv6_cidr_block": "",
            "ipv6_cidr_block_association_id": "",
            "map_customer_owned_ip_on_launch": false,
            "map_public_ip_on_launch": false,
            "outpost_arn": "",
            "owner_id": "887016865623",
            "tags": {
              "Name": "terraform-eks-demo-node",
              "kubernetes.io/cluster/terraform-eks-demo": "shared"
            },
            "tags_all": {
              "Name": "terraform-eks-demo-node",
              "kubernetes.io/cluster/terraform-eks-demo": "shared"
            },
            "timeouts": null,
            "vpc_id": "vpc-0b3e0337fd950a2ea"
          },
          "sensitive_attributes": [],
          "private": "eyJlMmJmYjczMC1lY2FhLTExZTYtOGY4OC0zNDM2M2JjN2M0YzAiOnsiY3JlYXRlIjo2MDAwMDAwMDAwMDAsImRlbGV0ZSI6MTIwMDAwMDAwMDAwMH0sInNjaGVtYV92ZXJzaW9uIjoiMSJ9",
          "dependencies": [
            "aws_vpc.demo",
            "data.aws_availability_zones.available"
          ],
          "create_before_destroy": true
        },
        {
          "index_key": 1,
          "schema_version": 1,
          "attributes": {
            "arn": "arn:aws:ec2:us-west-2:887016865623:subnet/subnet-0a12f1da83d35d78f",
            "assign_ipv6_address_on_creation": false,
            "availability_zone": "us-west-2b",
            "availability_zone_id": "usw2-az1",
            "cidr_block": "10.0.1.0/24",
            "customer_owned_ipv4_pool": "",
            "id": "subnet-0a12f1da83d35d78f",
            "ipv6_cidr_block": "",
            "ipv6_cidr_block_association_id": "",
            "map_customer_owned_ip_on_launch": false,
            "map_public_ip_on_launch": false,
            "outpost_arn": "",
            "owner_id": "887016865623",
            "tags": {
              "Name": "terraform-eks-demo-node",
              "kubernetes.io/cluster/terraform-eks-demo": "shared"
            },
            "tags_all": {
              "Name": "terraform-eks-demo-node",
              "kubernetes.io/cluster/terraform-eks-demo": "shared"
            },
            "timeouts": null,
            "vpc_id": "vpc-0b3e0337fd950a2ea"
          },
          "sensitive_attributes": [],
          "private": "eyJlMmJmYjczMC1lY2FhLTExZTYtOGY4OC0zNDM2M2JjN2M0YzAiOnsiY3JlYXRlIjo2MDAwMDAwMDAwMDAsImRlbGV0ZSI6MTIwMDAwMDAwMDAwMH0sInNjaGVtYV92ZXJzaW9uIjoiMSJ9",
          "dependencies": [
            "aws_vpc.demo",
            "data.aws_availability_zones.available"
          ],
          "create_before_destroy": true
        }
      ]
    },
    {
      "mode": "managed",
      "type": "aws_vpc",
      "name": "demo",
      "provider": "provider[\"registry.terraform.io/hashicorp/aws\"]",
      "instances": [
        {
          "schema_version": 1,
          "attributes": {
            "arn": "arn:aws:ec2:us-west-2:887016865623:vpc/vpc-0b3e0337fd950a2ea",
            "assign_generated_ipv6_cidr_block": false,
            "cidr_block": "10.0.0.0/16",
            "default_network_acl_id": "acl-041ead280c30e1763",
            "default_route_table_id": "rtb-079372976c61f4dfb",
            "default_security_group_id": "sg-0c5c814af89e59153",
            "dhcp_options_id": "dopt-19d18c61",
            "enable_classiclink": false,
            "enable_classiclink_dns_support": false,
            "enable_dns_hostnames": false,
            "enable_dns_support": true,
            "id": "vpc-0b3e0337fd950a2ea",
            "instance_tenancy": "default",
            "ipv6_association_id": "",
            "ipv6_cidr_block": "",
            "main_route_table_id": "rtb-079372976c61f4dfb",
            "owner_id": "887016865623",
            "tags": {
              "Name": "terraform-eks-demo-node",
              "kubernetes.io/cluster/terraform-eks-demo": "shared"
            },
            "tags_all": {
              "Name": "terraform-eks-demo-node",
              "kubernetes.io/cluster/terraform-eks-demo": "shared"
            }
          },
          "sensitive_attributes": [],
          "private": "eyJzY2hlbWFfdmVyc2lvbiI6IjEifQ==",
          "create_before_destroy": true
        }
      ]
    }
  ]
}
